
Microsoft Visual Studio Solution File, Format Version 12.00
# Visual Studio Version 16
VisualStudioVersion = 16.0.810.23
MinimumVisualStudioVersion = 10.0.40219.1
Project("{FAE04EC0-301F-11D3-BF4B-00C04F79EFBC}") = "Functions", "Functions.csproj", "{934C390E-8D89-4CBF-B628-7E21F807F3BA}"
EndProject
Project("{FAE04EC0-301F-11D3-BF4B-00C04F79EFBC}") = "Calculator", "Calculator\Calculator.csproj", "{4CD6BA62-2D53-464D-99C0-86CE3725C24A}"
EndProject
Project("{FAE04EC0-301F-11D3-BF4B-00C04F79EFBC}") = "FunctionsReturn", "FunctionsReturn\FunctionsReturn.csproj", "{0C419F39-A2E9-4B5B-90CE-DC899F742A82}"
EndProject
Project("{FAE04EC0-301F-11D3-BF4B-00C04F79EFBC}") = "CToF", "CToF\CToF.csproj", "{393797B2-A69B-42DB-AA58-54446C05E61D}"
EndProject
Global
	GlobalSection(SolutionConfigurationPlatforms) = preSolution
		Debug|Any CPU = Debug|Any CPU
		Release|Any CPU = Release|Any CPU
	EndGlobalSection
	GlobalSection(ProjectConfigurationPlatforms) = postSolution
		{934C390E-8D89-4CBF-B628-7E21F807F3BA}.Debug|Any CPU.ActiveCfg = Debug|Any CPU
		{934C390E-8D89-4CBF-B628-7E21F807F3BA}.Debug|Any CPU.Build.0 = Debug|Any CPU
		{934C390E-8D89-4CBF-B628-7E21F807F3BA}.Release|Any CPU.ActiveCfg = Release|Any CPU
		{934C390E-8D89-4CBF-B628-7E21F807F3BA}.Release|Any CPU.Build.0 = Release|Any CPU
		{4CD6BA62-2D53-464D-99C0-86CE3725C24A}.Debug|Any CPU.ActiveCfg = Debug|Any CPU
		{4CD6BA62-2D53-464D-99C0-86CE3725C24A}.Debug|Any CPU.Build.0 = Debug|Any CPU
		{4CD6BA62-2D53-464D-99C0-86CE3725C24A}.Release|Any CPU.ActiveCfg = Release|Any CPU
		{4CD6BA62-2D53-464D-99C0-86CE3725C24A}.Release|Any CPU.Build.0 = Release|Any CPU
		{0C419F39-A2E9-4B5B-90CE-DC899F742A82}.Debug|Any CPU.ActiveCfg = Debug|Any CPU
		{0C419F39-A2E9-4B5B-90CE-DC899F742A82}.Debug|Any CPU.Build.0 = Debug|Any CPU
		{0C419F39-A2E9-4B5B-90CE-DC899F742A82}.Release|Any CPU.ActiveCfg = Release|Any CPU
		{0C419F39-A2E9-4B5B-90CE-DC899F742A82}.Release|Any CPU.Build.0 = Release|Any CPU
		{393797B2-A69B-42DB-AA58-54446C05E61D}.Debug|Any CPU.ActiveCfg = Debug|Any CPU
		{393797B2-A69B-42DB-AA58-54446C05E61D}.Debug|Any CPU.Build.0 = Debug|Any CPU
		{393797B2-A69B-42DB-AA58-54446C05E61D}.Release|Any CPU.ActiveCfg = Release|Any CPU
		{393797B2-A69B-42DB-AA58-54446C05E61D}.Release|Any CPU.Build.0 = Release|Any CPU
	EndGlobalSection
	GlobalSection(SolutionProperties) = preSolution
		HideSolutionNode = FALSE
	EndGlobalSection
	GlobalSection(ExtensibilityGlobals) = postSolution
		SolutionGuid = {DB705174-138A-4032-B95D-673950031459}
	EndGlobalSection
EndGlobal
